PODS:
  - Expecta (1.0.0)
  - MMTestServerPlugin (0.1.0):
    - SocketRocket (~> 0.2)
  - SocketRocket (0.2.0)
  - Specta (1.0.0)

DEPENDENCIES:
  - Expecta
  - MMTestServerPlugin (from `../`)
  - Specta

EXTERNAL SOURCES:
  MMTestServerPlugin:
    :path: ../

SPEC CHECKSUMS:
  Expecta: 32604574add2c46a36f8d2f716b6c5736eb75024
  MMTestServerPlugin: fa720ce2f43dd573a4adb46a54ff6627b3e444e8
  SocketRocket: 54a4ac2f354c4e8c51ef5dcd4a13bc556d4f2b7c
  Specta: 96fe05fe5c7348b5223f85e862904f6e832abb14

COCOAPODS: 0.36.3
