// !$*UTF8*$!
{
	archiveVersion = 1;
	classes = {
	};
	objectVersion = 46;
	objects = {

/* Begin PBXBuildFile section */
		0173B7E035234007D7D53B8C /* libPods-Production Target.a in Frameworks */ = {isa = PBXBuildFile; fileRef = 352FBA357DDBAE4E7A2BF5B0 /* libPods-Production Target.a */; };
		29983926271943C727DA2B4A /* libPods-Integration Tests.a in Frameworks */ = {isa = PBXBuildFile; fileRef = 42BBC675095C416389A8CD30 /* libPods-Integration Tests.a */; };
		411F0B161CEC957EB573D1BC /* libPods-Test Target.a in Frameworks */ = {isa = PBXBuildFile; fileRef = 038E466B7C65FE5C27820315 /* libPods-Test Target.a */; };
		4884FEDEA961149AD4CD50D9 /* libPods-Tests.a in Frameworks */ = {isa = PBXBuildFile; fileRef = F391948670B64AB369F4BA5B /* libPods-Tests.a */; };
		5304218008EB7514A1B2D854 /* CLLocationManager+TestTarget.m in Sources */ = {isa = PBXBuildFile; fileRef = 53042604C023AD4134D09D34 /* CLLocationManager+TestTarget.m */; };
		53042D37F4A189A67579EF58 /* MMBeaconFoundView.m in Sources */ = {isa = PBXBuildFile; fileRef = 5304290F7B293CBF7502BC60 /* MMBeaconFoundView.m */; };
		53042D48102269089B9E822B /* MMBeaconFoundView.m in Sources */ = {isa = PBXBuildFile; fileRef = 5304290F7B293CBF7502BC60 /* MMBeaconFoundView.m */; };
		53042DBEB5B29F07B9F4E79F /* IntegrationTests.m in Sources */ = {isa = PBXBuildFile; fileRef = 530420FDC9B5392999D8BD31 /* IntegrationTests.m */; };
		53042E6C3B0D71603502B674 /* MMTestEventAggregate.m in Sources */ = {isa = PBXBuildFile; fileRef = 53042B988B4828D28EECAE0D /* MMTestEventAggregate.m */; };
		6003F58E195388D20070C39A /* Foundation.framework in Frameworks */ = {isa = PBXBuildFile; fileRef = 6003F58D195388D20070C39A /* Foundation.framework */; };
		6003F590195388D20070C39A /* CoreGraphics.framework in Frameworks */ = {isa = PBXBuildFile; fileRef = 6003F58F195388D20070C39A /* CoreGraphics.framework */; };
		6003F592195388D20070C39A /* UIKit.framework in Frameworks */ = {isa = PBXBuildFile; fileRef = 6003F591195388D20070C39A /* UIKit.framework */; };
		6003F598195388D20070C39A /* InfoPlist.strings in Resources */ = {isa = PBXBuildFile; fileRef = 6003F596195388D20070C39A /* InfoPlist.strings */; };
		6003F59A195388D20070C39A /* main.m in Sources */ = {isa = PBXBuildFile; fileRef = 6003F599195388D20070C39A /* main.m */; };
		6003F59E195388D20070C39A /* MMAppDelegate.m in Sources */ = {isa = PBXBuildFile; fileRef = 6003F59D195388D20070C39A /* MMAppDelegate.m */; };
		6003F5A1195388D20070C39A /* Main.storyboard in Resources */ = {isa = PBXBuildFile; fileRef = 6003F59F195388D20070C39A /* Main.storyboard */; };
		6003F5A7195388D20070C39A /* MMViewController.m in Sources */ = {isa = PBXBuildFile; fileRef = 6003F5A6195388D20070C39A /* MMViewController.m */; };
		6003F5A9195388D20070C39A /* Images.xcassets in Resources */ = {isa = PBXBuildFile; fileRef = 6003F5A8195388D20070C39A /* Images.xcassets */; };
		6003F5B0195388D20070C39A /* XCTest.framework in Frameworks */ = {isa = PBXBuildFile; fileRef = 6003F5AF195388D20070C39A /* XCTest.framework */; };
		6003F5B1195388D20070C39A /* Foundation.framework in Frameworks */ = {isa = PBXBuildFile; fileRef = 6003F58D195388D20070C39A /* Foundation.framework */; };
		6003F5B2195388D20070C39A /* UIKit.framework in Frameworks */ = {isa = PBXBuildFile; fileRef = 6003F591195388D20070C39A /* UIKit.framework */; };
		6003F5BA195388D20070C39A /* InfoPlist.strings in Resources */ = {isa = PBXBuildFile; fileRef = 6003F5B8195388D20070C39A /* InfoPlist.strings */; };
		6003F5BC195388D20070C39A /* Tests.m in Sources */ = {isa = PBXBuildFile; fileRef = 6003F5BB195388D20070C39A /* Tests.m */; };
		796D6FA41B01346300E72C9B /* MMAppDelegate.m in Sources */ = {isa = PBXBuildFile; fileRef = 6003F59D195388D20070C39A /* MMAppDelegate.m */; };
		796D6FA51B01346300E72C9B /* MMViewController.m in Sources */ = {isa = PBXBuildFile; fileRef = 6003F5A6195388D20070C39A /* MMViewController.m */; };
		796D6FA61B01346300E72C9B /* main.m in Sources */ = {isa = PBXBuildFile; fileRef = 6003F599195388D20070C39A /* main.m */; };
		796D6FA81B01346300E72C9B /* CoreGraphics.framework in Frameworks */ = {isa = PBXBuildFile; fileRef = 6003F58F195388D20070C39A /* CoreGraphics.framework */; };
		796D6FA91B01346300E72C9B /* UIKit.framework in Frameworks */ = {isa = PBXBuildFile; fileRef = 6003F591195388D20070C39A /* UIKit.framework */; };
		796D6FAA1B01346300E72C9B /* Foundation.framework in Frameworks */ = {isa = PBXBuildFile; fileRef = 6003F58D195388D20070C39A /* Foundation.framework */; };
		796D6FAE1B01346300E72C9B /* Images.xcassets in Resources */ = {isa = PBXBuildFile; fileRef = 6003F5A8195388D20070C39A /* Images.xcassets */; };
		796D6FAF1B01346300E72C9B /* Main.storyboard in Resources */ = {isa = PBXBuildFile; fileRef = 6003F59F195388D20070C39A /* Main.storyboard */; };
		796D6FB01B01346300E72C9B /* InfoPlist.strings in Resources */ = {isa = PBXBuildFile; fileRef = 6003F596195388D20070C39A /* InfoPlist.strings */; };
/* End PBXBuildFile section */

/* Begin PBXContainerItemProxy section */
		6003F5B3195388D20070C39A /* PBXContainerItemProxy */ = {
			isa = PBXContainerItemProxy;
			containerPortal = 6003F582195388D10070C39A /* Project object */;
			proxyType = 1;
			remoteGlobalIDString = 6003F589195388D20070C39A;
			remoteInfo = MMTestServerPlugin;
		};
		79314E0E1B0517A90056EBCC /* PBXContainerItemProxy */ = {
			isa = PBXContainerItemProxy;
			containerPortal = 6003F582195388D10070C39A /* Project object */;
			proxyType = 1;
			remoteGlobalIDString = 796D6FA11B01346300E72C9B;
			remoteInfo = "Test Target";
		};
/* End PBXContainerItemProxy section */

/* Begin PBXFileReference section */
		038E466B7C65FE5C27820315 /* libPods-Test Target.a */ = {isa = PBXFileReference; explicitFileType = archive.ar; includeInIndex = 0; path = "libPods-Test Target.a"; sourceTree = BUILT_PRODUCTS_DIR; };
		20D379EE26B38C11310527C1 /* Pods-Tests.debug.xcconfig */ = {isa = PBXFileReference; includeInIndex = 1; lastKnownFileType = text.xcconfig; name = "Pods-Tests.debug.xcconfig"; path = "Pods/Target Support Files/Pods-Tests/Pods-Tests.debug.xcconfig"; sourceTree = "<group>"; };
		32AC02888C3411C30D131E1A /* Pods-Integration Tests.debug.xcconfig */ = {isa = PBXFileReference; includeInIndex = 1; lastKnownFileType = text.xcconfig; name = "Pods-Integration Tests.debug.xcconfig"; path = "Pods/Target Support Files/Pods-Integration Tests/Pods-Integration Tests.debug.xcconfig"; sourceTree = "<group>"; };
		352FBA357DDBAE4E7A2BF5B0 /* libPods-Production Target.a */ = {isa = PBXFileReference; explicitFileType = archive.ar; includeInIndex = 0; path = "libPods-Production Target.a"; sourceTree = BUILT_PRODUCTS_DIR; };
		42BBC675095C416389A8CD30 /* libPods-Integration Tests.a */ = {isa = PBXFileReference; explicitFileType = archive.ar; includeInIndex = 0; path = "libPods-Integration Tests.a"; sourceTree = BUILT_PRODUCTS_DIR; };
		44FBC1942C03D119CD99F7EB /* LICENSE */ = {isa = PBXFileReference; includeInIndex = 1; lastKnownFileType = text; name = LICENSE; path = ../LICENSE; sourceTree = "<group>"; };
		4753DBA55C91C674A76E4E56 /* Pods-Production Target.release.xcconfig */ = {isa = PBXFileReference; includeInIndex = 1; lastKnownFileType = text.xcconfig; name = "Pods-Production Target.release.xcconfig"; path = "Pods/Target Support Files/Pods-Production Target/Pods-Production Target.release.xcconfig"; sourceTree = "<group>"; };
		530420FDC9B5392999D8BD31 /* IntegrationTests.m */ = {isa = PBXFileReference; fileEncoding = 4; lastKnownFileType = sourcecode.c.objc; path = IntegrationTests.m; sourceTree = "<group>"; };
		53042604C023AD4134D09D34 /* CLLocationManager+TestTarget.m */ = {isa = PBXFileReference; fileEncoding = 4; lastKnownFileType = sourcecode.c.objc; path = "CLLocationManager+TestTarget.m"; sourceTree = "<group>"; };
		5304290F7B293CBF7502BC60 /* MMBeaconFoundView.m */ = {isa = PBXFileReference; fileEncoding = 4; lastKnownFileType = sourcecode.c.objc; path = MMBeaconFoundView.m; sourceTree = "<group>"; };
		53042A81F6B6F870351765D4 /* CLLocationManager+TestTarget.h */ = {isa = PBXFileReference; fileEncoding = 4; lastKnownFileType = sourcecode.c.h; path = "CLLocationManager+TestTarget.h"; sourceTree = "<group>"; };
		53042B988B4828D28EECAE0D /* MMTestEventAggregate.m */ = {isa = PBXFileReference; fileEncoding = 4; lastKnownFileType = sourcecode.c.objc; path = MMTestEventAggregate.m; sourceTree = "<group>"; };
		53042E4F5EC70C3CFBF19D38 /* Info.plist */ = {isa = PBXFileReference; fileEncoding = 4; lastKnownFileType = text.plist.info; path = Info.plist; sourceTree = "<group>"; };
		53042E903C02074D5F9A9A9F /* MMBeaconFoundView.h */ = {isa = PBXFileReference; fileEncoding = 4; lastKnownFileType = sourcecode.c.h; path = MMBeaconFoundView.h; sourceTree = "<group>"; };
		53042F7763D6F50EDDB2A7EC /* MMTestEventAggregate.h */ = {isa = PBXFileReference; fileEncoding = 4; lastKnownFileType = sourcecode.c.h; path = MMTestEventAggregate.h; sourceTree = "<group>"; };
		585276FD3152712DADFFEF0E /* Pods-IntegrationTests.debug.xcconfig */ = {isa = PBXFileReference; includeInIndex = 1; lastKnownFileType = text.xcconfig; name = "Pods-IntegrationTests.debug.xcconfig"; path = "Pods/Target Support Files/Pods-IntegrationTests/Pods-IntegrationTests.debug.xcconfig"; sourceTree = "<group>"; };
		6003F58A195388D20070C39A /* Production Target.app */ = {isa = PBXFileReference; explicitFileType = wrapper.application; includeInIndex = 0; path = "Production Target.app"; sourceTree = BUILT_PRODUCTS_DIR; };
		6003F58D195388D20070C39A /* Foundation.framework */ = {isa = PBXFileReference; lastKnownFileType = wrapper.framework; name = Foundation.framework; path = System/Library/Frameworks/Foundation.framework; sourceTree = SDKROOT; };
		6003F58F195388D20070C39A /* CoreGraphics.framework */ = {isa = PBXFileReference; lastKnownFileType = wrapper.framework; name = CoreGraphics.framework; path = System/Library/Frameworks/CoreGraphics.framework; sourceTree = SDKROOT; };
		6003F591195388D20070C39A /* UIKit.framework */ = {isa = PBXFileReference; lastKnownFileType = wrapper.framework; name = UIKit.framework; path = System/Library/Frameworks/UIKit.framework; sourceTree = SDKROOT; };
		6003F595195388D20070C39A /* MMTestServerPlugin-Info.plist */ = {isa = PBXFileReference; lastKnownFileType = text.plist.xml; path = "MMTestServerPlugin-Info.plist"; sourceTree = "<group>"; };
		6003F597195388D20070C39A /* en */ = {isa = PBXFileReference; lastKnownFileType = text.plist.strings; name = en; path = en.lproj/InfoPlist.strings; sourceTree = "<group>"; };
		6003F599195388D20070C39A /* main.m */ = {isa = PBXFileReference; lastKnownFileType = sourcecode.c.objc; path = main.m; sourceTree = "<group>"; };
		6003F59B195388D20070C39A /* MMTestServerPlugin-Prefix.pch */ = {isa = PBXFileReference; lastKnownFileType = sourcecode.c.h; path = "MMTestServerPlugin-Prefix.pch"; sourceTree = "<group>"; };
		6003F59C195388D20070C39A /* MMAppDelegate.h */ = {isa = PBXFileReference; lastKnownFileType = sourcecode.c.h; path = MMAppDelegate.h; sourceTree = "<group>"; };
		6003F59D195388D20070C39A /* MMAppDelegate.m */ = {isa = PBXFileReference; lastKnownFileType = sourcecode.c.objc; path = MMAppDelegate.m; sourceTree = "<group>"; };
		6003F5A0195388D20070C39A /* Base */ = {isa = PBXFileReference; lastKnownFileType = file.storyboard; name = Base; path = Base.lproj/Main.storyboard; sourceTree = "<group>"; };
		6003F5A5195388D20070C39A /* MMViewController.h */ = {isa = PBXFileReference; lastKnownFileType = sourcecode.c.h; path = MMViewController.h; sourceTree = "<group>"; };
		6003F5A6195388D20070C39A /* MMViewController.m */ = {isa = PBXFileReference; lastKnownFileType = sourcecode.c.objc; path = MMViewController.m; sourceTree = "<group>"; };
		6003F5A8195388D20070C39A /* Images.xcassets */ = {isa = PBXFileReference; lastKnownFileType = folder.assetcatalog; path = Images.xcassets; sourceTree = "<group>"; };
		6003F5AE195388D20070C39A /* Tests.xctest */ = {isa = PBXFileReference; explicitFileType = wrapper.cfbundle; includeInIndex = 0; path = Tests.xctest; sourceTree = BUILT_PRODUCTS_DIR; };
		6003F5AF195388D20070C39A /* XCTest.framework */ = {isa = PBXFileReference; lastKnownFileType = wrapper.framework; name = XCTest.framework; path = Library/Frameworks/XCTest.framework; sourceTree = DEVELOPER_DIR; };
		6003F5B7195388D20070C39A /* Tests-Info.plist */ = {isa = PBXFileReference; lastKnownFileType = text.plist.xml; path = "Tests-Info.plist"; sourceTree = "<group>"; };
		6003F5B9195388D20070C39A /* en */ = {isa = PBXFileReference; lastKnownFileType = text.plist.strings; name = en; path = en.lproj/InfoPlist.strings; sourceTree = "<group>"; };
		6003F5BB195388D20070C39A /* Tests.m */ = {isa = PBXFileReference; lastKnownFileType = sourcecode.c.objc; path = Tests.m; sourceTree = "<group>"; };
		606FC2411953D9B200FFA9A0 /* Tests-Prefix.pch */ = {isa = PBXFileReference; lastKnownFileType = sourcecode.c.h; path = "Tests-Prefix.pch"; sourceTree = "<group>"; };
		60ADC0E658C89B5251434B73 /* Pods-Test Target.debug.xcconfig */ = {isa = PBXFileReference; includeInIndex = 1; lastKnownFileType = text.xcconfig; name = "Pods-Test Target.debug.xcconfig"; path = "Pods/Target Support Files/Pods-Test Target/Pods-Test Target.debug.xcconfig"; sourceTree = "<group>"; };
		79314E011B050F730056EBCC /* Tests copy-Info.plist */ = {isa = PBXFileReference; lastKnownFileType = text.plist.xml; name = "Tests copy-Info.plist"; path = "/Users/marekmoscichowski/Documents/Documents/Development/MMTestServerPlugin/Example/Tests copy-Info.plist"; sourceTree = "<absolute>"; };
		79314E081B0517A90056EBCC /* Integration Tests.xctest */ = {isa = PBXFileReference; explicitFileType = wrapper.cfbundle; includeInIndex = 0; path = "Integration Tests.xctest"; sourceTree = BUILT_PRODUCTS_DIR; };
		796D6FB51B01346300E72C9B /* MMTestServerPlugin copy.app */ = {isa = PBXFileReference; explicitFileType = wrapper.application; includeInIndex = 0; path = "MMTestServerPlugin copy.app"; sourceTree = BUILT_PRODUCTS_DIR; };
		796D6FB61B01346400E72C9B /* MMTestServerPlugin copy-Info.plist */ = {isa = PBXFileReference; lastKnownFileType = text.plist.xml; name = "MMTestServerPlugin copy-Info.plist"; path = "/Users/marekmoscichowski/Documents/Development/MMTestServerPlugin/Example/MMTestServerPlugin copy-Info.plist"; sourceTree = "<absolute>"; };
		80E308CBD7C9BC897FC26B03 /* Pods-MMTestServerPlugin.release.xcconfig */ = {isa = PBXFileReference; includeInIndex = 1; lastKnownFileType = text.xcconfig; name = "Pods-MMTestServerPlugin.release.xcconfig"; path = "Pods/Target Support Files/Pods-MMTestServerPlugin/Pods-MMTestServerPlugin.release.xcconfig"; sourceTree = "<group>"; };
		84494B4790F13B633DD39F87 /* Pods-Integration Tests.release.xcconfig */ = {isa = PBXFileReference; includeInIndex = 1; lastKnownFileType = text.xcconfig; name = "Pods-Integration Tests.release.xcconfig"; path = "Pods/Target Support Files/Pods-Integration Tests/Pods-Integration Tests.release.xcconfig"; sourceTree = "<group>"; };
		9CAE861A67B973D8D2CDD6BE /* libPods-MMTestServerPlugin.a */ = {isa = PBXFileReference; explicitFileType = archive.ar; includeInIndex = 0; path = "libPods-MMTestServerPlugin.a"; sourceTree = BUILT_PRODUCTS_DIR; };
		A921318E48867D95142A3E8E /* Pods-Production Target.debug.xcconfig */ = {isa = PBXFileReference; includeInIndex = 1; lastKnownFileType = text.xcconfig; name = "Pods-Production Target.debug.xcconfig"; path = "Pods/Target Support Files/Pods-Production Target/Pods-Production Target.debug.xcconfig"; sourceTree = "<group>"; };
		BDC6881FAB6B4E3FCEDC4649 /* MMTestServerPlugin.podspec */ = {isa = PBXFileReference; includeInIndex = 1; lastKnownFileType = text; name = MMTestServerPlugin.podspec; path = ../MMTestServerPlugin.podspec; sourceTree = "<group>"; };
		BEE9BC54F9D21AEF2AEA8D35 /* Pods-MMTestServerPlugin.debug.xcconfig */ = {isa = PBXFileReference; includeInIndex = 1; lastKnownFileType = text.xcconfig; name = "Pods-MMTestServerPlugin.debug.xcconfig"; path = "Pods/Target Support Files/Pods-MMTestServerPlugin/Pods-MMTestServerPlugin.debug.xcconfig"; sourceTree = "<group>"; };
		D31BDDF3AEA7776E0DFF47B1 /* libPods-IntegrationTests.a */ = {isa = PBXFileReference; explicitFileType = archive.ar; includeInIndex = 0; path = "libPods-IntegrationTests.a"; sourceTree = BUILT_PRODUCTS_DIR; };
		DD87BF28B6304A1786701A60 /* Pods-Tests.release.xcconfig */ = {isa = PBXFileReference; includeInIndex = 1; lastKnownFileType = text.xcconfig; name = "Pods-Tests.release.xcconfig"; path = "Pods/Target Support Files/Pods-Tests/Pods-Tests.release.xcconfig"; sourceTree = "<group>"; };
		EF4D10B854EC662B78B439C6 /* README.md */ = {isa = PBXFileReference; includeInIndex = 1; lastKnownFileType = net.daringfireball.markdown; name = README.md; path = ../README.md; sourceTree = "<group>"; };
		F2109E0045659C55E081E537 /* Pods-IntegrationTests.release.xcconfig */ = {isa = PBXFileReference; includeInIndex = 1; lastKnownFileType = text.xcconfig; name = "Pods-IntegrationTests.release.xcconfig"; path = "Pods/Target Support Files/Pods-IntegrationTests/Pods-IntegrationTests.release.xcconfig"; sourceTree = "<group>"; };
		F391948670B64AB369F4BA5B /* libPods-Tests.a */ = {isa = PBXFileReference; explicitFileType = archive.ar; includeInIndex = 0; path = "libPods-Tests.a"; sourceTree = BUILT_PRODUCTS_DIR; };
		F54DBE31CA78A77AE2FD9212 /* Pods-Test Target.release.xcconfig */ = {isa = PBXFileReference; includeInIndex = 1; lastKnownFileType = text.xcconfig; name = "Pods-Test Target.release.xcconfig"; path = "Pods/Target Support Files/Pods-Test Target/Pods-Test Target.release.xcconfig"; sourceTree = "<group>"; };
/* End PBXFileReference section */

/* Begin PBXFrameworksBuildPhase section */
		6003F587195388D20070C39A /* Frameworks */ = {
			isa = PBXFrameworksBuildPhase;
			buildActionMask = 2147483647;
			files = (
				6003F590195388D20070C39A /* CoreGraphics.framework in Frameworks */,
				6003F592195388D20070C39A /* UIKit.framework in Frameworks */,
				6003F58E195388D20070C39A /* Foundation.framework in Frameworks */,
				0173B7E035234007D7D53B8C /* libPods-Production Target.a in Frameworks */,
			);
			runOnlyForDeploymentPostprocessing = 0;
		};
		6003F5AB195388D20070C39A /* Frameworks */ = {
			isa = PBXFrameworksBuildPhase;
			buildActionMask = 2147483647;
			files = (
				6003F5B0195388D20070C39A /* XCTest.framework in Frameworks */,
				6003F5B2195388D20070C39A /* UIKit.framework in Frameworks */,
				6003F5B1195388D20070C39A /* Foundation.framework in Frameworks */,
				4884FEDEA961149AD4CD50D9 /* libPods-Tests.a in Frameworks */,
			);
			runOnlyForDeploymentPostprocessing = 0;
		};
		79314E051B0517A90056EBCC /* Frameworks */ = {
			isa = PBXFrameworksBuildPhase;
			buildActionMask = 2147483647;
			files = (
				29983926271943C727DA2B4A /* libPods-Integration Tests.a in Frameworks */,
			);
			runOnlyForDeploymentPostprocessing = 0;
		};
		796D6FA71B01346300E72C9B /* Frameworks */ = {
			isa = PBXFrameworksBuildPhase;
			buildActionMask = 2147483647;
			files = (
				796D6FA81B01346300E72C9B /* CoreGraphics.framework in Frameworks */,
				796D6FA91B01346300E72C9B /* UIKit.framework in Frameworks */,
				796D6FAA1B01346300E72C9B /* Foundation.framework in Frameworks */,
				411F0B161CEC957EB573D1BC /* libPods-Test Target.a in Frameworks */,
			);
			runOnlyForDeploymentPostprocessing = 0;
		};
/* End PBXFrameworksBuildPhase section */

/* Begin PBXGroup section */
		53042700254D346AA3DFADF1 /* TestTarget */ = {
			isa = PBXGroup;
			children = (
				53042604C023AD4134D09D34 /* CLLocationManager+TestTarget.m */,
				53042A81F6B6F870351765D4 /* CLLocationManager+TestTarget.h */,
				53042B988B4828D28EECAE0D /* MMTestEventAggregate.m */,
				53042F7763D6F50EDDB2A7EC /* MMTestEventAggregate.h */,
			);
			path = TestTarget;
			sourceTree = "<group>";
		};
		6003F581195388D10070C39A = {
			isa = PBXGroup;
			children = (
				60FF7A9C1954A5C5007DD14C /* Podspec Metadata */,
				6003F593195388D20070C39A /* MMTestServerPlugin */,
				6003F5B5195388D20070C39A /* Tests */,
				79314E091B0517A90056EBCC /* Integration Tests */,
				6003F58C195388D20070C39A /* Frameworks */,
				6003F58B195388D20070C39A /* Products */,
				DB523B362FFCBD5453AB1F1C /* Pods */,
				796D6FB61B01346400E72C9B /* MMTestServerPlugin copy-Info.plist */,
				53042700254D346AA3DFADF1 /* TestTarget */,
				79314E011B050F730056EBCC /* Tests copy-Info.plist */,
			);
			sourceTree = "<group>";
		};
		6003F58B195388D20070C39A /* Products */ = {
			isa = PBXGroup;
			children = (
				6003F58A195388D20070C39A /* Production Target.app */,
				6003F5AE195388D20070C39A /* Tests.xctest */,
				796D6FB51B01346300E72C9B /* MMTestServerPlugin copy.app */,
				79314E081B0517A90056EBCC /* Integration Tests.xctest */,
			);
			name = Products;
			sourceTree = "<group>";
		};
		6003F58C195388D20070C39A /* Frameworks */ = {
			isa = PBXGroup;
			children = (
				6003F58D195388D20070C39A /* Foundation.framework */,
				6003F58F195388D20070C39A /* CoreGraphics.framework */,
				6003F591195388D20070C39A /* UIKit.framework */,
				6003F5AF195388D20070C39A /* XCTest.framework */,
				9CAE861A67B973D8D2CDD6BE /* libPods-MMTestServerPlugin.a */,
				F391948670B64AB369F4BA5B /* libPods-Tests.a */,
				038E466B7C65FE5C27820315 /* libPods-Test Target.a */,
				352FBA357DDBAE4E7A2BF5B0 /* libPods-Production Target.a */,
				D31BDDF3AEA7776E0DFF47B1 /* libPods-IntegrationTests.a */,
				42BBC675095C416389A8CD30 /* libPods-Integration Tests.a */,
			);
			name = Frameworks;
			sourceTree = "<group>";
		};
		6003F593195388D20070C39A /* MMTestServerPlugin */ = {
			isa = PBXGroup;
			children = (
				6003F59C195388D20070C39A /* MMAppDelegate.h */,
				6003F59D195388D20070C39A /* MMAppDelegate.m */,
				6003F59F195388D20070C39A /* Main.storyboard */,
				6003F5A5195388D20070C39A /* MMViewController.h */,
				6003F5A6195388D20070C39A /* MMViewController.m */,
				6003F5A8195388D20070C39A /* Images.xcassets */,
				6003F594195388D20070C39A /* Supporting Files */,
				5304290F7B293CBF7502BC60 /* MMBeaconFoundView.m */,
				53042E903C02074D5F9A9A9F /* MMBeaconFoundView.h */,
			);
			path = MMTestServerPlugin;
			sourceTree = "<group>";
		};
		6003F594195388D20070C39A /* Supporting Files */ = {
			isa = PBXGroup;
			children = (
				6003F595195388D20070C39A /* MMTestServerPlugin-Info.plist */,
				6003F596195388D20070C39A /* InfoPlist.strings */,
				6003F599195388D20070C39A /* main.m */,
				6003F59B195388D20070C39A /* MMTestServerPlugin-Prefix.pch */,
			);
			name = "Supporting Files";
			sourceTree = "<group>";
		};
		6003F5B5195388D20070C39A /* Tests */ = {
			isa = PBXGroup;
			children = (
				6003F5BB195388D20070C39A /* Tests.m */,
				6003F5B6195388D20070C39A /* Supporting Files */,
			);
			path = Tests;
			sourceTree = "<group>";
		};
		6003F5B6195388D20070C39A /* Supporting Files */ = {
			isa = PBXGroup;
			children = (
				6003F5B7195388D20070C39A /* Tests-Info.plist */,
				6003F5B8195388D20070C39A /* InfoPlist.strings */,
				606FC2411953D9B200FFA9A0 /* Tests-Prefix.pch */,
			);
			name = "Supporting Files";
			sourceTree = "<group>";
		};
		60FF7A9C1954A5C5007DD14C /* Podspec Metadata */ = {
			isa = PBXGroup;
			children = (
				BDC6881FAB6B4E3FCEDC4649 /* MMTestServerPlugin.podspec */,
				EF4D10B854EC662B78B439C6 /* README.md */,
				44FBC1942C03D119CD99F7EB /* LICENSE */,
			);
			name = "Podspec Metadata";
			sourceTree = "<group>";
		};
		79314E091B0517A90056EBCC /* Integration Tests */ = {
			isa = PBXGroup;
			children = (
				79314E0A1B0517A90056EBCC /* Supporting Files */,
				530420FDC9B5392999D8BD31 /* IntegrationTests.m */,
				53042E4F5EC70C3CFBF19D38 /* Info.plist */,
			);
			path = "Integration Tests";
			sourceTree = "<group>";
		};
		79314E0A1B0517A90056EBCC /* Supporting Files */ = {
			isa = PBXGroup;
			children = (
			);
			name = "Supporting Files";
			sourceTree = "<group>";
		};
		DB523B362FFCBD5453AB1F1C /* Pods */ = {
			isa = PBXGroup;
			children = (
				BEE9BC54F9D21AEF2AEA8D35 /* Pods-MMTestServerPlugin.debug.xcconfig */,
				80E308CBD7C9BC897FC26B03 /* Pods-MMTestServerPlugin.release.xcconfig */,
				20D379EE26B38C11310527C1 /* Pods-Tests.debug.xcconfig */,
				DD87BF28B6304A1786701A60 /* Pods-Tests.release.xcconfig */,
				60ADC0E658C89B5251434B73 /* Pods-Test Target.debug.xcconfig */,
				F54DBE31CA78A77AE2FD9212 /* Pods-Test Target.release.xcconfig */,
				A921318E48867D95142A3E8E /* Pods-Production Target.debug.xcconfig */,
				4753DBA55C91C674A76E4E56 /* Pods-Production Target.release.xcconfig */,
				585276FD3152712DADFFEF0E /* Pods-IntegrationTests.debug.xcconfig */,
				F2109E0045659C55E081E537 /* Pods-IntegrationTests.release.xcconfig */,
				32AC02888C3411C30D131E1A /* Pods-Integration Tests.debug.xcconfig */,
				84494B4790F13B633DD39F87 /* Pods-Integration Tests.release.xcconfig */,
			);
			name = Pods;
			sourceTree = "<group>";
		};
/* End PBXGroup section */

/* Begin PBXNativeTarget section */
		6003F589195388D20070C39A /* Production Target */ = {
			isa = PBXNativeTarget;
			buildConfigurationList = 6003F5BF195388D20070C39A /* Build configuration list for PBXNativeTarget "Production Target" */;
			buildPhases = (
				5FDE696F86BAE9E9CE339F32 /* Check Pods Manifest.lock */,
				6003F586195388D20070C39A /* Sources */,
				6003F587195388D20070C39A /* Frameworks */,
				6003F588195388D20070C39A /* Resources */,
				3C85E4A5D139F29CFA1DEFBC /* Copy Pods Resources */,
			);
			buildRules = (
			);
			dependencies = (
			);
			name = "Production Target";
			productName = MMTestServerPlugin;
			productReference = 6003F58A195388D20070C39A /* Production Target.app */;
			productType = "com.apple.product-type.application";
		};
		6003F5AD195388D20070C39A /* Tests */ = {
			isa = PBXNativeTarget;
			buildConfigurationList = 6003F5C2195388D20070C39A /* Build configuration list for PBXNativeTarget "Tests" */;
			buildPhases = (
				642B351FC328C2606E1C822E /* Check Pods Manifest.lock */,
				6003F5AA195388D20070C39A /* Sources */,
				6003F5AB195388D20070C39A /* Frameworks */,
				6003F5AC195388D20070C39A /* Resources */,
				FB19BC810068E81C2BAFE6A7 /* Copy Pods Resources */,
			);
			buildRules = (
			);
			dependencies = (
				6003F5B4195388D20070C39A /* PBXTargetDependency */,
			);
			name = Tests;
			productName = MMTestServerPluginTests;
			productReference = 6003F5AE195388D20070C39A /* Tests.xctest */;
			productType = "com.apple.product-type.bundle.unit-test";
		};
		79314E071B0517A90056EBCC /* Integration Tests */ = {
			isa = PBXNativeTarget;
			buildConfigurationList = 79314E101B0517A90056EBCC /* Build configuration list for PBXNativeTarget "Integration Tests" */;
			buildPhases = (
				224B31FB1AF4E8D58E1A6193 /* Check Pods Manifest.lock */,
				79314E041B0517A90056EBCC /* Sources */,
				79314E051B0517A90056EBCC /* Frameworks */,
				79314E061B0517A90056EBCC /* Resources */,
				67B3A24BD579A8BEE90322B8 /* Copy Pods Resources */,
			);
			buildRules = (
			);
			dependencies = (
				79314E0F1B0517A90056EBCC /* PBXTargetDependency */,
			);
			name = "Integration Tests";
			productName = "Integration Tests";
			productReference = 79314E081B0517A90056EBCC /* Integration Tests.xctest */;
			productType = "com.apple.product-type.bundle.unit-test";
		};
		796D6FA11B01346300E72C9B /* Test Target */ = {
			isa = PBXNativeTarget;
			buildConfigurationList = 796D6FB21B01346300E72C9B /* Build configuration list for PBXNativeTarget "Test Target" */;
			buildPhases = (
				796D6FA21B01346300E72C9B /* Check Pods Manifest.lock */,
				796D6FA31B01346300E72C9B /* Sources */,
				796D6FA71B01346300E72C9B /* Frameworks */,
				796D6FAC1B01346300E72C9B /* Resources */,
				796D6FB11B01346300E72C9B /* Copy Pods Resources */,
			);
			buildRules = (
			);
			dependencies = (
			);
			name = "Test Target";
			productName = MMTestServerPlugin;
			productReference = 796D6FB51B01346300E72C9B /* MMTestServerPlugin copy.app */;
			productType = "com.apple.product-type.application";
		};
/* End PBXNativeTarget section */

/* Begin PBXProject section */
		6003F582195388D10070C39A /* Project object */ = {
			isa = PBXProject;
			attributes = {
				CLASSPREFIX = MM;
				LastUpgradeCheck = 0510;
				ORGANIZATIONNAME = "Marek Mościchowski";
				TargetAttributes = {
					6003F5AD195388D20070C39A = {
						TestTargetID = 6003F589195388D20070C39A;
					};
					79314E071B0517A90056EBCC = {
						CreatedOnToolsVersion = 6.3.1;
						TestTargetID = 796D6FA11B01346300E72C9B;
					};
				};
			};
			buildConfigurationList = 6003F585195388D10070C39A /* Build configuration list for PBXProject "MMTestServerPlugin" */;
			compatibilityVersion = "Xcode 3.2";
			developmentRegion = English;
			hasScannedForEncodings = 0;
			knownRegions = (
				en,
				Base,
			);
			mainGroup = 6003F581195388D10070C39A;
			productRefGroup = 6003F58B195388D20070C39A /* Products */;
			projectDirPath = "";
			projectRoot = "";
			targets = (
				6003F589195388D20070C39A /* Production Target */,
				6003F5AD195388D20070C39A /* Tests */,
				796D6FA11B01346300E72C9B /* Test Target */,
				79314E071B0517A90056EBCC /* Integration Tests */,
			);
		};
/* End PBXProject section */

/* Begin PBXResourcesBuildPhase section */
		6003F588195388D20070C39A /* Resources */ = {
			isa = PBXResourcesBuildPhase;
			buildActionMask = 2147483647;
			files = (
				6003F5A9195388D20070C39A /* Images.xcassets in Resources */,
				6003F5A1195388D20070C39A /* Main.storyboard in Resources */,
				6003F598195388D20070C39A /* InfoPlist.strings in Resources */,
			);
			runOnlyForDeploymentPostprocessing = 0;
		};
		6003F5AC195388D20070C39A /* Resources */ = {
			isa = PBXResourcesBuildPhase;
			buildActionMask = 2147483647;
			files = (
				6003F5BA195388D20070C39A /* InfoPlist.strings in Resources */,
			);
			runOnlyForDeploymentPostprocessing = 0;
		};
		79314E061B0517A90056EBCC /* Resources */ = {
			isa = PBXResourcesBuildPhase;
			buildActionMask = 2147483647;
			files = (
			);
			runOnlyForDeploymentPostprocessing = 0;
		};
		796D6FAC1B01346300E72C9B /* Resources */ = {
			isa = PBXResourcesBuildPhase;
			buildActionMask = 2147483647;
			files = (
				796D6FAE1B01346300E72C9B /* Images.xcassets in Resources */,
				796D6FAF1B01346300E72C9B /* Main.storyboard in Resources */,
				796D6FB01B01346300E72C9B /* InfoPlist.strings in Resources */,
			);
			runOnlyForDeploymentPostprocessing = 0;
		};
/* End PBXResourcesBuildPhase section */

/* Begin PBXShellScriptBuildPhase section */
		224B31FB1AF4E8D58E1A6193 /* Check Pods Manifest.lock */ = {
			isa = PBXShellScriptBuildPhase;
			buildActionMask = 2147483647;
			files = (
			);
			inputPaths = (
			);
			name = "Check Pods Manifest.lock";
			outputPaths = (
			);
			runOnlyForDeploymentPostprocessing = 0;
			shellPath = /bin/sh;
			shellScript = "diff \"${PODS_ROOT}/../Podfile.lock\" \"${PODS_ROOT}/Manifest.lock\" > /dev/null\nif [[ $? != 0 ]] ; then\n    cat << EOM\nerror: The sandbox is not in sync with the Podfile.lock. Run 'pod install' or update your CocoaPods installation.\nEOM\n    exit 1\nfi\n";
			showEnvVarsInLog = 0;
		};
		3C85E4A5D139F29CFA1DEFBC /* Copy Pods Resources */ = {
			isa = PBXShellScriptBuildPhase;
			buildActionMask = 2147483647;
			files = (
			);
			inputPaths = (
			);
			name = "Copy Pods Resources";
			outputPaths = (
			);
			runOnlyForDeploymentPostprocessing = 0;
			shellPath = /bin/sh;
			shellScript = "\"${SRCROOT}/Pods/Target Support Files/Pods-Production Target/Pods-Production Target-resources.sh\"\n";
			showEnvVarsInLog = 0;
		};
		5FDE696F86BAE9E9CE339F32 /* Check Pods Manifest.lock */ = {
			isa = PBXShellScriptBuildPhase;
			buildActionMask = 2147483647;
			files = (
			);
			inputPaths = (
			);
			name = "Check Pods Manifest.lock";
			outputPaths = (
			);
			runOnlyForDeploymentPostprocessing = 0;
			shellPath = /bin/sh;
			shellScript = "diff \"${PODS_ROOT}/../Podfile.lock\" \"${PODS_ROOT}/Manifest.lock\" > /dev/null\nif [[ $? != 0 ]] ; then\n    cat << EOM\nerror: The sandbox is not in sync with the Podfile.lock. Run 'pod install' or update your CocoaPods installation.\nEOM\n    exit 1\nfi\n";
			showEnvVarsInLog = 0;
		};
		642B351FC328C2606E1C822E /* Check Pods Manifest.lock */ = {
			isa = PBXShellScriptBuildPhase;
			buildActionMask = 2147483647;
			files = (
			);
			inputPaths = (
			);
			name = "Check Pods Manifest.lock";
			outputPaths = (
			);
			runOnlyForDeploymentPostprocessing = 0;
			shellPath = /bin/sh;
			shellScript = "diff \"${PODS_ROOT}/../Podfile.lock\" \"${PODS_ROOT}/Manifest.lock\" > /dev/null\nif [[ $? != 0 ]] ; then\n    cat << EOM\nerror: The sandbox is not in sync with the Podfile.lock. Run 'pod install' or update your CocoaPods installation.\nEOM\n    exit 1\nfi\n";
			showEnvVarsInLog = 0;
		};
		67B3A24BD579A8BEE90322B8 /* Copy Pods Resources */ = {
			isa = PBXShellScriptBuildPhase;
			buildActionMask = 2147483647;
			files = (
			);
			inputPaths = (
			);
			name = "Copy Pods Resources";
			outputPaths = (
			);
			runOnlyForDeploymentPostprocessing = 0;
			shellPath = /bin/sh;
			shellScript = "\"${SRCROOT}/Pods/Target Support Files/Pods-Integration Tests/Pods-Integration Tests-resources.sh\"\n";
			showEnvVarsInLog = 0;
		};
		796D6FA21B01346300E72C9B /* Check Pods Manifest.lock */ = {
			isa = PBXShellScriptBuildPhase;
			buildActionMask = 2147483647;
			files = (
			);
			inputPaths = (
			);
			name = "Check Pods Manifest.lock";
			outputPaths = (
			);
			runOnlyForDeploymentPostprocessing = 0;
			shellPath = /bin/sh;
			shellScript = "diff \"${PODS_ROOT}/../Podfile.lock\" \"${PODS_ROOT}/Manifest.lock\" > /dev/null\nif [[ $? != 0 ]] ; then\n    cat << EOM\nerror: The sandbox is not in sync with the Podfile.lock. Run 'pod install' or update your CocoaPods installation.\nEOM\n    exit 1\nfi\n";
			showEnvVarsInLog = 0;
		};
		796D6FB11B01346300E72C9B /* Copy Pods Resources */ = {
			isa = PBXShellScriptBuildPhase;
			buildActionMask = 2147483647;
			files = (
			);
			inputPaths = (
			);
			name = "Copy Pods Resources";
			outputPaths = (
			);
			runOnlyForDeploymentPostprocessing = 0;
			shellPath = /bin/sh;
			shellScript = "\"${SRCROOT}/Pods/Target Support Files/Pods-Test Target/Pods-Test Target-resources.sh\"\n";
			showEnvVarsInLog = 0;
		};
		FB19BC810068E81C2BAFE6A7 /* Copy Pods Resources */ = {
			isa = PBXShellScriptBuildPhase;
			buildActionMask = 2147483647;
			files = (
			);
			inputPaths = (
			);
			name = "Copy Pods Resources";
			outputPaths = (
			);
			runOnlyForDeploymentPostprocessing = 0;
			shellPath = /bin/sh;
			shellScript = "\"${SRCROOT}/Pods/Target Support Files/Pods-Tests/Pods-Tests-resources.sh\"\n";
			showEnvVarsInLog = 0;
		};
/* End PBXShellScriptBuildPhase section */

/* Begin PBXSourcesBuildPhase section */
		6003F586195388D20070C39A /* Sources */ = {
			isa = PBXSourcesBuildPhase;
			buildActionMask = 2147483647;
			files = (
				6003F59E195388D20070C39A /* MMAppDelegate.m in Sources */,
				6003F5A7195388D20070C39A /* MMViewController.m in Sources */,
				6003F59A195388D20070C39A /* main.m in Sources */,
				53042D48102269089B9E822B /* MMBeaconFoundView.m in Sources */,
			);
			runOnlyForDeploymentPostprocessing = 0;
		};
		6003F5AA195388D20070C39A /* Sources */ = {
			isa = PBXSourcesBuildPhase;
			buildActionMask = 2147483647;
			files = (
				6003F5BC195388D20070C39A /* Tests.m in Sources */,
			);
			runOnlyForDeploymentPostprocessing = 0;
		};
		79314E041B0517A90056EBCC /* Sources */ = {
			isa = PBXSourcesBuildPhase;
			buildActionMask = 2147483647;
			files = (
				53042DBEB5B29F07B9F4E79F /* IntegrationTests.m in Sources */,
			);
			runOnlyForDeploymentPostprocessing = 0;
		};
		796D6FA31B01346300E72C9B /* Sources */ = {
			isa = PBXSourcesBuildPhase;
			buildActionMask = 2147483647;
			files = (
				796D6FA41B01346300E72C9B /* MMAppDelegate.m in Sources */,
				796D6FA51B01346300E72C9B /* MMViewController.m in Sources */,
				796D6FA61B01346300E72C9B /* main.m in Sources */,
				53042D37F4A189A67579EF58 /* MMBeaconFoundView.m in Sources */,
				5304218008EB7514A1B2D854 /* CLLocationManager+TestTarget.m in Sources */,
				53042E6C3B0D71603502B674 /* MMTestEventAggregate.m in Sources */,
			);
			runOnlyForDeploymentPostprocessing = 0;
		};
/* End PBXSourcesBuildPhase section */

/* Begin PBXTargetDependency section */
		6003F5B4195388D20070C39A /* PBXTargetDependency */ = {
			isa = PBXTargetDependency;
			target = 6003F589195388D20070C39A /* Production Target */;
			targetProxy = 6003F5B3195388D20070C39A /* PBXContainerItemProxy */;
		};
		79314E0F1B0517A90056EBCC /* PBXTargetDependency */ = {
			isa = PBXTargetDependency;
			target = 796D6FA11B01346300E72C9B /* Test Target */;
			targetProxy = 79314E0E1B0517A90056EBCC /* PBXContainerItemProxy */;
		};
/* End PBXTargetDependency section */

/* Begin PBXVariantGroup section */
		6003F596195388D20070C39A /* InfoPlist.strings */ = {
			isa = PBXVariantGroup;
			children = (
				6003F597195388D20070C39A /* en */,
			);
			name = InfoPlist.strings;
			sourceTree = "<group>";
		};
		6003F59F195388D20070C39A /* Main.storyboard */ = {
			isa = PBXVariantGroup;
			children = (
				6003F5A0195388D20070C39A /* Base */,
			);
			name = Main.storyboard;
			sourceTree = "<group>";
		};
		6003F5B8195388D20070C39A /* InfoPlist.strings */ = {
			isa = PBXVariantGroup;
			children = (
				6003F5B9195388D20070C39A /* en */,
			);
			name = InfoPlist.strings;
			sourceTree = "<group>";
		};
/* End PBXVariantGroup section */

/* Begin XCBuildConfiguration section */
		6003F5BD195388D20070C39A /* Debug */ = {
			isa = XCBuildConfiguration;
			buildSettings = {
				ALWAYS_SEARCH_USER_PATHS = NO;
				CLANG_CXX_LANGUAGE_STANDARD = "gnu++0x";
				CLANG_CXX_LIBRARY = "libc++";
				CLANG_ENABLE_MODULES = YES;
				CLANG_ENABLE_OBJC_ARC = YES;
				CLANG_WARN_BOOL_CONVERSION = YES;
				CLANG_WARN_CONSTANT_CONVERSION = YES;
				CLANG_WARN_DIRECT_OBJC_ISA_USAGE = YES_ERROR;
				CLANG_WARN_EMPTY_BODY = YES;
				CLANG_WARN_ENUM_CONVERSION = YES;
				CLANG_WARN_INT_CONVERSION = YES;
				CLANG_WARN_OBJC_ROOT_CLASS = YES_ERROR;
				CLANG_WARN__DUPLICATE_METHOD_MATCH = YES;
				"CODE_SIGN_IDENTITY[sdk=iphoneos*]" = "iPhone Developer";
				COPY_PHASE_STRIP = NO;
				GCC_C_LANGUAGE_STANDARD = gnu99;
				GCC_DYNAMIC_NO_PIC = NO;
				GCC_OPTIMIZATION_LEVEL = 0;
				GCC_PREPROCESSOR_DEFINITIONS = (
					"DEBUG=1",
					"$(inherited)",
				);
				GCC_SYMBOLS_PRIVATE_EXTERN = NO;
				GCC_WARN_64_TO_32_BIT_CONVERSION = YES;
				GCC_WARN_ABOUT_RETURN_TYPE = YES_ERROR;
				GCC_WARN_UNDECLARED_SELECTOR = YES;
				GCC_WARN_UNINITIALIZED_AUTOS = YES_AGGRESSIVE;
				GCC_WARN_UNUSED_FUNCTION = YES;
				GCC_WARN_UNUSED_VARIABLE = YES;
				IPHONEOS_DEPLOYMENT_TARGET = 7.1;
				ONLY_ACTIVE_ARCH = YES;
				SDKROOT = iphoneos;
				TARGETED_DEVICE_FAMILY = "1,2";
			};
			name = Debug;
		};
		6003F5BE195388D20070C39A /* Release */ = {
			isa = XCBuildConfiguration;
			buildSettings = {
				ALWAYS_SEARCH_USER_PATHS = NO;
				CLANG_CXX_LANGUAGE_STANDARD = "gnu++0x";
				CLANG_CXX_LIBRARY = "libc++";
				CLANG_ENABLE_MODULES = YES;
				CLANG_ENABLE_OBJC_ARC = YES;
				CLANG_WARN_BOOL_CONVERSION = YES;
				CLANG_WARN_CONSTANT_CONVERSION = YES;
				CLANG_WARN_DIRECT_OBJC_ISA_USAGE = YES_ERROR;
				CLANG_WARN_EMPTY_BODY = YES;
				CLANG_WARN_ENUM_CONVERSION = YES;
				CLANG_WARN_INT_CONVERSION = YES;
				CLANG_WARN_OBJC_ROOT_CLASS = YES_ERROR;
				CLANG_WARN__DUPLICATE_METHOD_MATCH = YES;
				"CODE_SIGN_IDENTITY[sdk=iphoneos*]" = "iPhone Developer";
				COPY_PHASE_STRIP = YES;
				ENABLE_NS_ASSERTIONS = NO;
				GCC_C_LANGUAGE_STANDARD = gnu99;
				GCC_WARN_64_TO_32_BIT_CONVERSION = YES;
				GCC_WARN_ABOUT_RETURN_TYPE = YES_ERROR;
				GCC_WARN_UNDECLARED_SELECTOR = YES;
				GCC_WARN_UNINITIALIZED_AUTOS = YES_AGGRESSIVE;
				GCC_WARN_UNUSED_FUNCTION = YES;
				GCC_WARN_UNUSED_VARIABLE = YES;
				IPHONEOS_DEPLOYMENT_TARGET = 7.1;
				SDKROOT = iphoneos;
				TARGETED_DEVICE_FAMILY = "1,2";
				VALIDATE_PRODUCT = YES;
			};
			name = Release;
		};
		6003F5C0195388D20070C39A /* Debug */ = {
			isa = XCBuildConfiguration;
			baseConfigurationReference = A921318E48867D95142A3E8E /* Pods-Production Target.debug.xcconfig */;
			buildSettings = {
				ASSETCATALOG_COMPILER_APPICON_NAME = AppIcon;
				ASSETCATALOG_COMPILER_LAUNCHIMAGE_NAME = LaunchImage;
				GCC_PRECOMPILE_PREFIX_HEADER = YES;
				GCC_PREFIX_HEADER = "MMTestServerPlugin/MMTestServerPlugin-Prefix.pch";
				INFOPLIST_FILE = "MMTestServerPlugin/MMTestServerPlugin-Info.plist";
				PRODUCT_NAME = "$(TARGET_NAME)";
				WRAPPER_EXTENSION = app;
			};
			name = Debug;
		};
		6003F5C1195388D20070C39A /* Release */ = {
			isa = XCBuildConfiguration;
			baseConfigurationReference = 4753DBA55C91C674A76E4E56 /* Pods-Production Target.release.xcconfig */;
			buildSettings = {
				ASSETCATALOG_COMPILER_APPICON_NAME = AppIcon;
				ASSETCATALOG_COMPILER_LAUNCHIMAGE_NAME = LaunchImage;
				GCC_PRECOMPILE_PREFIX_HEADER = YES;
				GCC_PREFIX_HEADER = "MMTestServerPlugin/MMTestServerPlugin-Prefix.pch";
				INFOPLIST_FILE = "MMTestServerPlugin/MMTestServerPlugin-Info.plist";
				PRODUCT_NAME = "$(TARGET_NAME)";
				WRAPPER_EXTENSION = app;
			};
			name = Release;
		};
		6003F5C3195388D20070C39A /* Debug */ = {
			isa = XCBuildConfiguration;
			baseConfigurationReference = 20D379EE26B38C11310527C1 /* Pods-Tests.debug.xcconfig */;
			buildSettings = {
				BUNDLE_LOADER = "$(TEST_HOST)";
				FRAMEWORK_SEARCH_PATHS = (
					"$(SDKROOT)/Developer/Library/Frameworks",
					"$(inherited)",
					"$(DEVELOPER_FRAMEWORKS_DIR)",
				);
				GCC_PRECOMPILE_PREFIX_HEADER = YES;
				GCC_PREFIX_HEADER = "Tests/Tests-Prefix.pch";
				GCC_PREPROCESSOR_DEFINITIONS = (
					"DEBUG=1",
					"$(inherited)",
				);
				INFOPLIST_FILE = "Tests/Tests-Info.plist";
				PRODUCT_NAME = "$(TARGET_NAME)";
				TEST_HOST = "$(BUILT_PRODUCTS_DIR)/Production Target.app/Production Target";
				WRAPPER_EXTENSION = xctest;
			};
			name = Debug;
		};
		6003F5C4195388D20070C39A /* Release */ = {
			isa = XCBuildConfiguration;
			baseConfigurationReference = DD87BF28B6304A1786701A60 /* Pods-Tests.release.xcconfig */;
			buildSettings = {
				BUNDLE_LOADER = "$(TEST_HOST)";
				FRAMEWORK_SEARCH_PATHS = (
					"$(SDKROOT)/Developer/Library/Frameworks",
					"$(inherited)",
					"$(DEVELOPER_FRAMEWORKS_DIR)",
				);
				GCC_PRECOMPILE_PREFIX_HEADER = YES;
				GCC_PREFIX_HEADER = "Tests/Tests-Prefix.pch";
				INFOPLIST_FILE = "Tests/Tests-Info.plist";
				PRODUCT_NAME = "$(TARGET_NAME)";
				TEST_HOST = "$(BUILT_PRODUCTS_DIR)/Production Target.app/Production Target";
				WRAPPER_EXTENSION = xctest;
			};
			name = Release;
		};
		79314E111B0517A90056EBCC /* Debug */ = {
			isa = XCBuildConfiguration;
			baseConfigurationReference = 32AC02888C3411C30D131E1A /* Pods-Integration Tests.debug.xcconfig */;
			buildSettings = {
				BUNDLE_LOADER = "$(TEST_HOST)";
				CLANG_WARN_UNREACHABLE_CODE = YES;
				DEBUG_INFORMATION_FORMAT = "dwarf-with-dsym";
				ENABLE_STRICT_OBJC_MSGSEND = YES;
				FRAMEWORK_SEARCH_PATHS = (
					"$(SDKROOT)/Developer/Library/Frameworks",
					"$(inherited)",
				);
				GCC_NO_COMMON_BLOCKS = YES;
				GCC_PREPROCESSOR_DEFINITIONS = (
					"DEBUG=1",
					"$(inherited)",
				);
				INFOPLIST_FILE = "Integration Tests/Info.plist";
				IPHONEOS_DEPLOYMENT_TARGET = 8.3;
				LD_RUNPATH_SEARCH_PATHS = "$(inherited) @executable_path/Frameworks @loader_path/Frameworks";
				MTL_ENABLE_DEBUG_INFO = YES;
				PRODUCT_NAME = "$(TARGET_NAME)";
				TEST_HOST = "$(BUILT_PRODUCTS_DIR)/MMTestServerPlugin copy.app/MMTestServerPlugin copy";
				USER_HEADER_SEARCH_PATHS = "\"${PROJECT_DIR}/Pods\"/**";
			};
			name = Debug;
		};
		79314E121B0517A90056EBCC /* Release */ = {
			isa = XCBuildConfiguration;
			baseConfigurationReference = 84494B4790F13B633DD39F87 /* Pods-Integration Tests.release.xcconfig */;
			buildSettings = {
				BUNDLE_LOADER = "$(TEST_HOST)";
				CLANG_WARN_UNREACHABLE_CODE = YES;
				COPY_PHASE_STRIP = NO;
				DEBUG_INFORMATION_FORMAT = "dwarf-with-dsym";
				ENABLE_STRICT_OBJC_MSGSEND = YES;
				FRAMEWORK_SEARCH_PATHS = (
					"$(SDKROOT)/Developer/Library/Frameworks",
					"$(inherited)",
				);
				GCC_NO_COMMON_BLOCKS = YES;
				INFOPLIST_FILE = "Integration Tests/Info.plist";
				IPHONEOS_DEPLOYMENT_TARGET = 8.3;
				LD_RUNPATH_SEARCH_PATHS = "$(inherited) @executable_path/Frameworks @loader_path/Frameworks";
				MTL_ENABLE_DEBUG_INFO = NO;
				PRODUCT_NAME = "$(TARGET_NAME)";
				TEST_HOST = "$(BUILT_PRODUCTS_DIR)/MMTestServerPlugin copy.app/MMTestServerPlugin copy";
				USER_HEADER_SEARCH_PATHS = "\"${PROJECT_DIR}/Pods\"/**";
			};
			name = Release;
		};
		796D6FB31B01346300E72C9B /* Debug */ = {
			isa = XCBuildConfiguration;
			baseConfigurationReference = 60ADC0E658C89B5251434B73 /* Pods-Test Target.debug.xcconfig */;
			buildSettings = {
				ASSETCATALOG_COMPILER_APPICON_NAME = AppIcon;
				ASSETCATALOG_COMPILER_LAUNCHIMAGE_NAME = LaunchImage;
				GCC_PRECOMPILE_PREFIX_HEADER = YES;
				GCC_PREFIX_HEADER = "MMTestServerPlugin/MMTestServerPlugin-Prefix.pch";
				INFOPLIST_FILE = "MMTestServerPlugin copy-Info.plist";
				PRODUCT_NAME = "MMTestServerPlugin copy";
				WRAPPER_EXTENSION = app;
			};
			name = Debug;
		};
		796D6FB41B01346300E72C9B /* Release */ = {
			isa = XCBuildConfiguration;
			baseConfigurationReference = F54DBE31CA78A77AE2FD9212 /* Pods-Test Target.release.xcconfig */;
			buildSettings = {
				ASSETCATALOG_COMPILER_APPICON_NAME = AppIcon;
				ASSETCATALOG_COMPILER_LAUNCHIMAGE_NAME = LaunchImage;
				GCC_PRECOMPILE_PREFIX_HEADER = YES;
				GCC_PREFIX_HEADER = "MMTestServerPlugin/MMTestServerPlugin-Prefix.pch";
				INFOPLIST_FILE = "MMTestServerPlugin copy-Info.plist";
				PRODUCT_NAME = "MMTestServerPlugin copy";
				WRAPPER_EXTENSION = app;
			};
			name = Release;
		};
/* End XCBuildConfiguration section */

/* Begin XCConfigurationList section */
		6003F585195388D10070C39A /* Build configuration list for PBXProject "MMTestServerPlugin" */ = {
			isa = XCConfigurationList;
			buildConfigurations = (
				6003F5BD195388D20070C39A /* Debug */,
				6003F5BE195388D20070C39A /* Release */,
			);
			defaultConfigurationIsVisible = 0;
			defaultConfigurationName = Release;
		};
		6003F5BF195388D20070C39A /* Build configuration list for PBXNativeTarget "Production Target" */ = {
			isa = XCConfigurationList;
			buildConfigurations = (
				6003F5C0195388D20070C39A /* Debug */,
				6003F5C1195388D20070C39A /* Release */,
			);
			defaultConfigurationIsVisible = 0;
			defaultConfigurationName = Release;
		};
		6003F5C2195388D20070C39A /* Build configuration list for PBXNativeTarget "Tests" */ = {
			isa = XCConfigurationList;
			buildConfigurations = (
				6003F5C3195388D20070C39A /* Debug */,
				6003F5C4195388D20070C39A /* Release */,
			);
			defaultConfigurationIsVisible = 0;
			defaultConfigurationName = Release;
		};
		79314E101B0517A90056EBCC /* Build configuration list for PBXNativeTarget "Integration Tests" */ = {
			isa = XCConfigurationList;
			buildConfigurations = (
				79314E111B0517A90056EBCC /* Debug */,
				79314E121B0517A90056EBCC /* Release */,
			);
			defaultConfigurationIsVisible = 0;
			defaultConfigurationName = Release;
		};
		796D6FB21B01346300E72C9B /* Build configuration list for PBXNativeTarget "Test Target" */ = {
			isa = XCConfigurationList;
			buildConfigurations = (
				796D6FB31B01346300E72C9B /* Debug */,
				796D6FB41B01346300E72C9B /* Release */,
			);
			defaultConfigurationIsVisible = 0;
			defaultConfigurationName = Release;
		};
/* End XCConfigurationList section */
	};
	rootObject = 6003F582195388D10070C39A /* Project object */;
}
